
Microsoft Visual Studio Solution File, Format Version 12.00
# Visual Studio Version 16
VisualStudioVersion = 16.0.29806.167
MinimumVisualStudioVersion = 10.0.40219.1
Project("{FAE04EC0-301F-11D3-BF4B-00C04F79EFBC}") = "HW03.Task2", "HW03.Task2\HW03.Task2.csproj", "{4DF9C3D4-896E-4E9D-A62C-20EE74F10438}"
EndProject
Global
	GlobalSection(SolutionConfigurationPlatforms) = preSolution
		Debug|Any CPU = Debug|Any CPU
		Release|Any CPU = Release|Any CPU
	EndGlobalSection
	GlobalSection(ProjectConfigurationPlatforms) = postSolution
		{4DF9C3D4-896E-4E9D-A62C-20EE74F10438}.Debug|Any CPU.ActiveCfg = Debug|Any CPU
		{4DF9C3D4-896E-4E9D-A62C-20EE74F10438}.Debug|Any CPU.Build.0 = Debug|Any CPU
		{4DF9C3D4-896E-4E9D-A62C-20EE74F10438}.Release|Any CPU.ActiveCfg = Release|Any CPU
		{4DF9C3D4-896E-4E9D-A62C-20EE74F10438}.Release|Any CPU.Build.0 = Release|Any CPU
	EndGlobalSection
	GlobalSection(SolutionProperties) = preSolution
		HideSolutionNode = FALSE
	EndGlobalSection
	GlobalSection(ExtensibilityGlobals) = postSolution
		SolutionGuid = {6DB977CD-C442-49F3-AEF0-E101000BA666}
	EndGlobalSection
EndGlobal
